
Microsoft Visual Studio Solution File, Format Version 12.00
# Visual Studio 15
VisualStudioVersion = 15.0.28307.645
MinimumVisualStudioVersion = 10.0.40219.1
Project("{FAE04EC0-301F-11D3-BF4B-00C04F79EFBC}") = "Permisos.WebApi", "Permisos.WebApi\Permisos.WebApi.csproj", "{AFBB9C36-0477-4A6C-885C-878443B4AA05}"
EndProject
Project("{FAE04EC0-301F-11D3-BF4B-00C04F79EFBC}") = "Permisos.Infrastructure", "Permisos.Infrastructure\Permisos.Infrastructure.csproj", "{C38AF461-7FF2-4A1D-917E-A424030986AE}"
EndProject
Project("{FAE04EC0-301F-11D3-BF4B-00C04F79EFBC}") = "Permisos.Core", "Permisos.Core\Permisos.Core.csproj", "{D6F4E7A6-5594-45D9-B11B-DD02DA63C0AE}"
EndProject
Global
	GlobalSection(SolutionConfigurationPlatforms) = preSolution
		Debug|Any CPU = Debug|Any CPU
		Release|Any CPU = Release|Any CPU
	EndGlobalSection
	GlobalSection(ProjectConfigurationPlatforms) = postSolution
		{AFBB9C36-0477-4A6C-885C-878443B4AA05}.Debug|Any CPU.ActiveCfg = Debug|Any CPU
		{AFBB9C36-0477-4A6C-885C-878443B4AA05}.Debug|Any CPU.Build.0 = Debug|Any CPU
		{AFBB9C36-0477-4A6C-885C-878443B4AA05}.Release|Any CPU.ActiveCfg = Release|Any CPU
		{AFBB9C36-0477-4A6C-885C-878443B4AA05}.Release|Any CPU.Build.0 = Release|Any CPU
		{C38AF461-7FF2-4A1D-917E-A424030986AE}.Debug|Any CPU.ActiveCfg = Debug|Any CPU
		{C38AF461-7FF2-4A1D-917E-A424030986AE}.Debug|Any CPU.Build.0 = Debug|Any CPU
		{C38AF461-7FF2-4A1D-917E-A424030986AE}.Release|Any CPU.ActiveCfg = Release|Any CPU
		{C38AF461-7FF2-4A1D-917E-A424030986AE}.Release|Any CPU.Build.0 = Release|Any CPU
		{D6F4E7A6-5594-45D9-B11B-DD02DA63C0AE}.Debug|Any CPU.ActiveCfg = Debug|Any CPU
		{D6F4E7A6-5594-45D9-B11B-DD02DA63C0AE}.Debug|Any CPU.Build.0 = Debug|Any CPU
		{D6F4E7A6-5594-45D9-B11B-DD02DA63C0AE}.Release|Any CPU.ActiveCfg = Release|Any CPU
		{D6F4E7A6-5594-45D9-B11B-DD02DA63C0AE}.Release|Any CPU.Build.0 = Release|Any CPU
	EndGlobalSection
	GlobalSection(SolutionProperties) = preSolution
		HideSolutionNode = FALSE
	EndGlobalSection
	GlobalSection(ExtensibilityGlobals) = postSolution
		SolutionGuid = {97697310-9D23-44B6-BFD5-0B26BB34AB7A}
	EndGlobalSection
EndGlobal
